
Microsoft Visual Studio Solution File, Format Version 12.00
# Visual Studio Version 17
VisualStudioVersion = 17.0.31903.59
MinimumVisualStudioVersion = 10.0.40219.1
Project("{2150E333-8FDC-42A3-9474-1A3956D46DE8}") = "src", "src", "{827E0CD3-B72D-47B6-A68D-7590B98EB39B}"
EndProject
Project("{FAE04EC0-301F-11D3-BF4B-00C04F79EFBC}") = "Caisse.Domain", "src\Caisse.Domain\Caisse.Domain.csproj", "{EDEB1B40-EDC0-499E-BD5C-9F8CC6B12DEC}"
EndProject
Project("{FAE04EC0-301F-11D3-BF4B-00C04F79EFBC}") = "Caisse.Application", "src\Caisse.Application\Caisse.Application.csproj", "{53DADFB1-EBDA-4156-A774-C9D75C643916}"
EndProject
Project("{FAE04EC0-301F-11D3-BF4B-00C04F79EFBC}") = "Caisse.Infrastructure", "src\Caisse.Infrastructure\Caisse.Infrastructure.csproj", "{83AB71AC-BC03-402F-B1CD-A2F943426630}"
EndProject
Project("{FAE04EC0-301F-11D3-BF4B-00C04F79EFBC}") = "Caisse.Desktop", "src\Caisse.Desktop\Caisse.Desktop.csproj", "{03F42944-C7F6-4229-AD2B-3FC93E4D80F2}"
EndProject
Project("{2150E333-8FDC-42A3-9474-1A3956D46DE8}") = "tests", "tests", "{0AB3BF05-4346-4AA6-1389-037BE0695223}"
EndProject
Project("{FAE04EC0-301F-11D3-BF4B-00C04F79EFBC}") = "Caisse.Tests", "tests\Caisse.Tests\Caisse.Tests.csproj", "{3F5AB3B1-B718-40B7-A72F-4C305D604120}"
EndProject
Project("{FAE04EC0-301F-11D3-BF4B-00C04F79EFBC}") = "Caisse.Smoke", "tests\Caisse.Smoke\Caisse.Smoke.csproj", "{E167D7D3-53EB-47B0-BC01-3951A32238A8}"
EndProject
Global
	GlobalSection(SolutionConfigurationPlatforms) = preSolution
		Debug|Any CPU = Debug|Any CPU
		Debug|x64 = Debug|x64
		Debug|x86 = Debug|x86
		Release|Any CPU = Release|Any CPU
		Release|x64 = Release|x64
		Release|x86 = Release|x86
	EndGlobalSection
	GlobalSection(ProjectConfigurationPlatforms) = postSolution
		{EDEB1B40-EDC0-499E-BD5C-9F8CC6B12DEC}.Debug|Any CPU.ActiveCfg = Debug|Any CPU
		{EDEB1B40-EDC0-499E-BD5C-9F8CC6B12DEC}.Debug|Any CPU.Build.0 = Debug|Any CPU
		{EDEB1B40-EDC0-499E-BD5C-9F8CC6B12DEC}.Debug|x64.ActiveCfg = Debug|Any CPU
		{EDEB1B40-EDC0-499E-BD5C-9F8CC6B12DEC}.Debug|x64.Build.0 = Debug|Any CPU
		{EDEB1B40-EDC0-499E-BD5C-9F8CC6B12DEC}.Debug|x86.ActiveCfg = Debug|Any CPU
		{EDEB1B40-EDC0-499E-BD5C-9F8CC6B12DEC}.Debug|x86.Build.0 = Debug|Any CPU
		{EDEB1B40-EDC0-499E-BD5C-9F8CC6B12DEC}.Release|Any CPU.ActiveCfg = Release|Any CPU
		{EDEB1B40-EDC0-499E-BD5C-9F8CC6B12DEC}.Release|Any CPU.Build.0 = Release|Any CPU
		{EDEB1B40-EDC0-499E-BD5C-9F8CC6B12DEC}.Release|x64.ActiveCfg = Release|Any CPU
		{EDEB1B40-EDC0-499E-BD5C-9F8CC6B12DEC}.Release|x64.Build.0 = Release|Any CPU
		{EDEB1B40-EDC0-499E-BD5C-9F8CC6B12DEC}.Release|x86.ActiveCfg = Release|Any CPU
		{EDEB1B40-EDC0-499E-BD5C-9F8CC6B12DEC}.Release|x86.Build.0 = Release|Any CPU
		{53DADFB1-EBDA-4156-A774-C9D75C643916}.Debug|Any CPU.ActiveCfg = Debug|Any CPU
		{53DADFB1-EBDA-4156-A774-C9D75C643916}.Debug|Any CPU.Build.0 = Debug|Any CPU
		{53DADFB1-EBDA-4156-A774-C9D75C643916}.Debug|x64.ActiveCfg = Debug|Any CPU
		{53DADFB1-EBDA-4156-A774-C9D75C643916}.Debug|x64.Build.0 = Debug|Any CPU
		{53DADFB1-EBDA-4156-A774-C9D75C643916}.Debug|x86.ActiveCfg = Debug|Any CPU
		{53DADFB1-EBDA-4156-A774-C9D75C643916}.Debug|x86.Build.0 = Debug|Any CPU
		{53DADFB1-EBDA-4156-A774-C9D75C643916}.Release|Any CPU.ActiveCfg = Release|Any CPU
		{53DADFB1-EBDA-4156-A774-C9D75C643916}.Release|Any CPU.Build.0 = Release|Any CPU
		{53DADFB1-EBDA-4156-A774-C9D75C643916}.Release|x64.ActiveCfg = Release|Any CPU
		{53DADFB1-EBDA-4156-A774-C9D75C643916}.Release|x64.Build.0 = Release|Any CPU
		{53DADFB1-EBDA-4156-A774-C9D75C643916}.Release|x86.ActiveCfg = Release|Any CPU
		{53DADFB1-EBDA-4156-A774-C9D75C643916}.Release|x86.Build.0 = Release|Any CPU
		{83AB71AC-BC03-402F-B1CD-A2F943426630}.Debug|Any CPU.ActiveCfg = Debug|Any CPU
		{83AB71AC-BC03-402F-B1CD-A2F943426630}.Debug|Any CPU.Build.0 = Debug|Any CPU
		{83AB71AC-BC03-402F-B1CD-A2F943426630}.Debug|x64.ActiveCfg = Debug|Any CPU
		{83AB71AC-BC03-402F-B1CD-A2F943426630}.Debug|x64.Build.0 = Debug|Any CPU
		{83AB71AC-BC03-402F-B1CD-A2F943426630}.Debug|x86.ActiveCfg = Debug|Any CPU
		{83AB71AC-BC03-402F-B1CD-A2F943426630}.Debug|x86.Build.0 = Debug|Any CPU
		{83AB71AC-BC03-402F-B1CD-A2F943426630}.Release|Any CPU.ActiveCfg = Release|Any CPU
		{83AB71AC-BC03-402F-B1CD-A2F943426630}.Release|Any CPU.Build.0 = Release|Any CPU
		{83AB71AC-BC03-402F-B1CD-A2F943426630}.Release|x64.ActiveCfg = Release|Any CPU
		{83AB71AC-BC03-402F-B1CD-A2F943426630}.Release|x64.Build.0 = Release|Any CPU
		{83AB71AC-BC03-402F-B1CD-A2F943426630}.Release|x86.ActiveCfg = Release|Any CPU
		{83AB71AC-BC03-402F-B1CD-A2F943426630}.Release|x86.Build.0 = Release|Any CPU
		{03F42944-C7F6-4229-AD2B-3FC93E4D80F2}.Debug|Any CPU.ActiveCfg = Debug|Any CPU
		{03F42944-C7F6-4229-AD2B-3FC93E4D80F2}.Debug|Any CPU.Build.0 = Debug|Any CPU
		{03F42944-C7F6-4229-AD2B-3FC93E4D80F2}.Debug|x64.ActiveCfg = Debug|Any CPU
		{03F42944-C7F6-4229-AD2B-3FC93E4D80F2}.Debug|x64.Build.0 = Debug|Any CPU
		{03F42944-C7F6-4229-AD2B-3FC93E4D80F2}.Debug|x86.ActiveCfg = Debug|Any CPU
		{03F42944-C7F6-4229-AD2B-3FC93E4D80F2}.Debug|x86.Build.0 = Debug|Any CPU
		{03F42944-C7F6-4229-AD2B-3FC93E4D80F2}.Release|Any CPU.ActiveCfg = Release|Any CPU
		{03F42944-C7F6-4229-AD2B-3FC93E4D80F2}.Release|Any CPU.Build.0 = Release|Any CPU
		{03F42944-C7F6-4229-AD2B-3FC93E4D80F2}.Release|x64.ActiveCfg = Release|Any CPU
		{03F42944-C7F6-4229-AD2B-3FC93E4D80F2}.Release|x64.Build.0 = Release|Any CPU
		{03F42944-C7F6-4229-AD2B-3FC93E4D80F2}.Release|x86.ActiveCfg = Release|Any CPU
		{03F42944-C7F6-4229-AD2B-3FC93E4D80F2}.Release|x86.Build.0 = Release|Any CPU
		{3F5AB3B1-B718-40B7-A72F-4C305D604120}.Debug|Any CPU.ActiveCfg = Debug|Any CPU
		{3F5AB3B1-B718-40B7-A72F-4C305D604120}.Debug|Any CPU.Build.0 = Debug|Any CPU
		{3F5AB3B1-B718-40B7-A72F-4C305D604120}.Debug|x64.ActiveCfg = Debug|Any CPU
		{3F5AB3B1-B718-40B7-A72F-4C305D604120}.Debug|x64.Build.0 = Debug|Any CPU
		{3F5AB3B1-B718-40B7-A72F-4C305D604120}.Debug|x86.ActiveCfg = Debug|Any CPU
		{3F5AB3B1-B718-40B7-A72F-4C305D604120}.Debug|x86.Build.0 = Debug|Any CPU
		{3F5AB3B1-B718-40B7-A72F-4C305D604120}.Release|Any CPU.ActiveCfg = Release|Any CPU
		{3F5AB3B1-B718-40B7-A72F-4C305D604120}.Release|Any CPU.Build.0 = Release|Any CPU
		{3F5AB3B1-B718-40B7-A72F-4C305D604120}.Release|x64.ActiveCfg = Release|Any CPU
		{3F5AB3B1-B718-40B7-A72F-4C305D604120}.Release|x64.Build.0 = Release|Any CPU
		{3F5AB3B1-B718-40B7-A72F-4C305D604120}.Release|x86.ActiveCfg = Release|Any CPU
		{3F5AB3B1-B718-40B7-A72F-4C305D604120}.Release|x86.Build.0 = Release|Any CPU
		{E167D7D3-53EB-47B0-BC01-3951A32238A8}.Debug|Any CPU.ActiveCfg = Debug|Any CPU
		{E167D7D3-53EB-47B0-BC01-3951A32238A8}.Debug|Any CPU.Build.0 = Debug|Any CPU
		{E167D7D3-53EB-47B0-BC01-3951A32238A8}.Debug|x64.ActiveCfg = Debug|Any CPU
		{E167D7D3-53EB-47B0-BC01-3951A32238A8}.Debug|x64.Build.0 = Debug|Any CPU
		{E167D7D3-53EB-47B0-BC01-3951A32238A8}.Debug|x86.ActiveCfg = Debug|Any CPU
		{E167D7D3-53EB-47B0-BC01-3951A32238A8}.Debug|x86.Build.0 = Debug|Any CPU
		{E167D7D3-53EB-47B0-BC01-3951A32238A8}.Release|Any CPU.ActiveCfg = Release|Any CPU
		{E167D7D3-53EB-47B0-BC01-3951A32238A8}.Release|Any CPU.Build.0 = Release|Any CPU
		{E167D7D3-53EB-47B0-BC01-3951A32238A8}.Release|x64.ActiveCfg = Release|Any CPU
		{E167D7D3-53EB-47B0-BC01-3951A32238A8}.Release|x64.Build.0 = Release|Any CPU
		{E167D7D3-53EB-47B0-BC01-3951A32238A8}.Release|x86.ActiveCfg = Release|Any CPU
		{E167D7D3-53EB-47B0-BC01-3951A32238A8}.Release|x86.Build.0 = Release|Any CPU
	EndGlobalSection
	GlobalSection(SolutionProperties) = preSolution
		HideSolutionNode = FALSE
	EndGlobalSection
	GlobalSection(NestedProjects) = preSolution
		{EDEB1B40-EDC0-499E-BD5C-9F8CC6B12DEC} = {827E0CD3-B72D-47B6-A68D-7590B98EB39B}
		{53DADFB1-EBDA-4156-A774-C9D75C643916} = {827E0CD3-B72D-47B6-A68D-7590B98EB39B}
		{83AB71AC-BC03-402F-B1CD-A2F943426630} = {827E0CD3-B72D-47B6-A68D-7590B98EB39B}
		{03F42944-C7F6-4229-AD2B-3FC93E4D80F2} = {827E0CD3-B72D-47B6-A68D-7590B98EB39B}
		{3F5AB3B1-B718-40B7-A72F-4C305D604120} = {0AB3BF05-4346-4AA6-1389-037BE0695223}
		{E167D7D3-53EB-47B0-BC01-3951A32238A8} = {0AB3BF05-4346-4AA6-1389-037BE0695223}
	EndGlobalSection
EndGlobal
